
Microsoft Visual Studio Solution File, Format Version 11.00
# Visual Studio 2010
Project("{FAE04EC0-301F-11D3-BF4B-00C04F79EFBC}") = "Socket_Basic", "Assembly-CSharp.csproj", "{A278DC00-761A-ADEE-0B37-59614A059D09}"
EndProject
Project("{FAE04EC0-301F-11D3-BF4B-00C04F79EFBC}") = "Socket_Basic", "Assembly-CSharp-firstpass.csproj", "{2CFDEB1D-3ECC-EDD6-553D-B7F73CDEB85F}"
EndProject
Project("{FAE04EC0-301F-11D3-BF4B-00C04F79EFBC}") = "Socket_Basic", "Assembly-CSharp-Editor.csproj", "{6D6B2E9D-9771-662F-594A-C89C61D32B1B}"
EndProject
Global
	GlobalSection(SolutionConfigurationPlatforms) = preSolution
		Debug|Any CPU = Debug|Any CPU
		Release|Any CPU = Release|Any CPU
	EndGlobalSection
	GlobalSection(ProjectConfigurationPlatforms) = postSolution
		{A278DC00-761A-ADEE-0B37-59614A059D09}.Debug|Any CPU.ActiveCfg = Debug|Any CPU
		{A278DC00-761A-ADEE-0B37-59614A059D09}.Debug|Any CPU.Build.0 = Debug|Any CPU
		{A278DC00-761A-ADEE-0B37-59614A059D09}.Release|Any CPU.ActiveCfg = Release|Any CPU
		{A278DC00-761A-ADEE-0B37-59614A059D09}.Release|Any CPU.Build.0 = Release|Any CPU
		{2CFDEB1D-3ECC-EDD6-553D-B7F73CDEB85F}.Debug|Any CPU.ActiveCfg = Debug|Any CPU
		{2CFDEB1D-3ECC-EDD6-553D-B7F73CDEB85F}.Debug|Any CPU.Build.0 = Debug|Any CPU
		{2CFDEB1D-3ECC-EDD6-553D-B7F73CDEB85F}.Release|Any CPU.ActiveCfg = Release|Any CPU
		{2CFDEB1D-3ECC-EDD6-553D-B7F73CDEB85F}.Release|Any CPU.Build.0 = Release|Any CPU
		{6D6B2E9D-9771-662F-594A-C89C61D32B1B}.Debug|Any CPU.ActiveCfg = Debug|Any CPU
		{6D6B2E9D-9771-662F-594A-C89C61D32B1B}.Debug|Any CPU.Build.0 = Debug|Any CPU
		{6D6B2E9D-9771-662F-594A-C89C61D32B1B}.Release|Any CPU.ActiveCfg = Release|Any CPU
		{6D6B2E9D-9771-662F-594A-C89C61D32B1B}.Release|Any CPU.Build.0 = Release|Any CPU
	EndGlobalSection
	GlobalSection(SolutionProperties) = preSolution
		HideSolutionNode = FALSE
	EndGlobalSection
	GlobalSection(MonoDevelopProperties) = preSolution
		StartupItem = Assembly-CSharp.csproj
	EndGlobalSection
EndGlobal
